// !$*UTF8*$!
{
	archiveVersion = 1;
	classes = {
	};
	objectVersion = 50;
	objects = {

/* Begin PBXBuildFile section */
		B6852D462749767B00BC9C36 /* BreakingBadSwiftUICombineApp.swift in Sources */ = {isa = PBXBuildFile; fileRef = B6852D452749767B00BC9C36 /* BreakingBadSwiftUICombineApp.swift */; };
		B6852D4A2749767C00BC9C36 /* Assets.xcassets in Resources */ = {isa = PBXBuildFile; fileRef = B6852D492749767C00BC9C36 /* Assets.xcassets */; };
		B6852D4D2749767C00BC9C36 /* Preview Assets.xcassets in Resources */ = {isa = PBXBuildFile; fileRef = B6852D4C2749767C00BC9C36 /* Preview Assets.xcassets */; };
		B6C96A0C274977F800FEE5E9 /* APIService.swift in Sources */ = {isa = PBXBuildFile; fileRef = B6C96A0B274977F800FEE5E9 /* APIService.swift */; };
		B6C96A0E2749783A00FEE5E9 /* Character.swift in Sources */ = {isa = PBXBuildFile; fileRef = B6C96A0D2749783A00FEE5E9 /* Character.swift */; };
		B6C96A102749785900FEE5E9 /* Episode.swift in Sources */ = {isa = PBXBuildFile; fileRef = B6C96A0F2749785900FEE5E9 /* Episode.swift */; };
		B6C96A182749793B00FEE5E9 /* MainTab.swift in Sources */ = {isa = PBXBuildFile; fileRef = B6C96A172749793B00FEE5E9 /* MainTab.swift */; };
		B6C96A1A27497A0000FEE5E9 /* CharacterViewModel.swift in Sources */ = {isa = PBXBuildFile; fileRef = B6C96A1927497A0000FEE5E9 /* CharacterViewModel.swift */; };
		B6C96A1C27497BE000FEE5E9 /* CharctersListView.swift in Sources */ = {isa = PBXBuildFile; fileRef = B6C96A1B27497BE000FEE5E9 /* CharctersListView.swift */; };
/* End PBXBuildFile section */

/* Begin PBXFileReference section */
		B6852D422749767B00BC9C36 /* BreakingBadSwiftUICombine.app */ = {isa = PBXFileReference; explicitFileType = wrapper.application; includeInIndex = 0; path = BreakingBadSwiftUICombine.app; sourceTree = BUILT_PRODUCTS_DIR; };
		B6852D452749767B00BC9C36 /* BreakingBadSwiftUICombineApp.swift */ = {isa = PBXFileReference; lastKnownFileType = sourcecode.swift; path = BreakingBadSwiftUICombineApp.swift; sourceTree = "<group>"; };
		B6852D492749767C00BC9C36 /* Assets.xcassets */ = {isa = PBXFileReference; lastKnownFileType = folder.assetcatalog; path = Assets.xcassets; sourceTree = "<group>"; };
		B6852D4C2749767C00BC9C36 /* Preview Assets.xcassets */ = {isa = PBXFileReference; lastKnownFileType = folder.assetcatalog; path = "Preview Assets.xcassets"; sourceTree = "<group>"; };
		B6852D4E2749767C00BC9C36 /* Info.plist */ = {isa = PBXFileReference; lastKnownFileType = text.plist.xml; path = Info.plist; sourceTree = "<group>"; };
		B6C96A0B274977F800FEE5E9 /* APIService.swift */ = {isa = PBXFileReference; lastKnownFileType = sourcecode.swift; path = APIService.swift; sourceTree = "<group>"; };
		B6C96A0D2749783A00FEE5E9 /* Character.swift */ = {isa = PBXFileReference; lastKnownFileType = sourcecode.swift; path = Character.swift; sourceTree = "<group>"; };
		B6C96A0F2749785900FEE5E9 /* Episode.swift */ = {isa = PBXFileReference; lastKnownFileType = sourcecode.swift; path = Episode.swift; sourceTree = "<group>"; };
		B6C96A172749793B00FEE5E9 /* MainTab.swift */ = {isa = PBXFileReference; lastKnownFileType = sourcecode.swift; path = MainTab.swift; sourceTree = "<group>"; };
		B6C96A1927497A0000FEE5E9 /* CharacterViewModel.swift */ = {isa = PBXFileReference; lastKnownFileType = sourcecode.swift; path = CharacterViewModel.swift; sourceTree = "<group>"; };
		B6C96A1B27497BE000FEE5E9 /* CharctersListView.swift */ = {isa = PBXFileReference; lastKnownFileType = sourcecode.swift; path = CharctersListView.swift; sourceTree = "<group>"; };
/* End PBXFileReference section */

/* Begin PBXFrameworksBuildPhase section */
		B6852D3F2749767B00BC9C36 /* Frameworks */ = {
			isa = PBXFrameworksBuildPhase;
			buildActionMask = 2147483647;
			files = (
			);
			runOnlyForDeploymentPostprocessing = 0;
		};
/* End PBXFrameworksBuildPhase section */

/* Begin PBXGroup section */
		B6852D392749767B00BC9C36 = {
			isa = PBXGroup;
			children = (
				B6852D442749767B00BC9C36 /* BreakingBadSwiftUICombine */,
				B6852D432749767B00BC9C36 /* Products */,
			);
			sourceTree = "<group>";
		};
		B6852D432749767B00BC9C36 /* Products */ = {
			isa = PBXGroup;
			children = (
				B6852D422749767B00BC9C36 /* BreakingBadSwiftUICombine.app */,
			);
			name = Products;
			sourceTree = "<group>";
		};
		B6852D442749767B00BC9C36 /* BreakingBadSwiftUICombine */ = {
			isa = PBXGroup;
			children = (
				B6C96A0A274977E200FEE5E9 /* Services */,
				B6C96A082749779600FEE5E9 /* Models */,
				B6C96A062749778600FEE5E9 /* UserStories */,
				B6852D492749767C00BC9C36 /* Assets.xcassets */,
				B6852D4E2749767C00BC9C36 /* Info.plist */,
				B6852D4B2749767C00BC9C36 /* Preview Content */,
			);
			path = BreakingBadSwiftUICombine;
			sourceTree = "<group>";
		};
		B6852D4B2749767C00BC9C36 /* Preview Content */ = {
			isa = PBXGroup;
			children = (
				B6852D4C2749767C00BC9C36 /* Preview Assets.xcassets */,
			);
			path = "Preview Content";
			sourceTree = "<group>";
		};
		B6C96A062749778600FEE5E9 /* UserStories */ = {
			isa = PBXGroup;
			children = (
				B6C96A142749790F00FEE5E9 /* Episodes */,
				B6C96A11274978EA00FEE5E9 /* Characters */,
				B6C96A092749779F00FEE5E9 /* Main */,
			);
			path = UserStories;
			sourceTree = "<group>";
		};
		B6C96A082749779600FEE5E9 /* Models */ = {
			isa = PBXGroup;
			children = (
				B6C96A0D2749783A00FEE5E9 /* Character.swift */,
				B6C96A0F2749785900FEE5E9 /* Episode.swift */,
			);
			path = Models;
			sourceTree = "<group>";
		};
		B6C96A092749779F00FEE5E9 /* Main */ = {
			isa = PBXGroup;
			children = (
				B6852D452749767B00BC9C36 /* BreakingBadSwiftUICombineApp.swift */,
				B6C96A172749793B00FEE5E9 /* MainTab.swift */,
			);
			path = Main;
			sourceTree = "<group>";
		};
		B6C96A0A274977E200FEE5E9 /* Services */ = {
			isa = PBXGroup;
			children = (
				B6C96A0B274977F800FEE5E9 /* APIService.swift */,
			);
			path = Services;
			sourceTree = "<group>";
		};
		B6C96A11274978EA00FEE5E9 /* Characters */ = {
			isa = PBXGroup;
			children = (
				B6C96A132749790500FEE5E9 /* ViewModel */,
				B6C96A12274978FF00FEE5E9 /* View */,
			);
			path = Characters;
			sourceTree = "<group>";
		};
		B6C96A12274978FF00FEE5E9 /* View */ = {
			isa = PBXGroup;
			children = (
				B6C96A1B27497BE000FEE5E9 /* CharctersListView.swift */,
			);
			path = View;
			sourceTree = "<group>";
		};
		B6C96A132749790500FEE5E9 /* ViewModel */ = {
			isa = PBXGroup;
			children = (
				B6C96A1927497A0000FEE5E9 /* CharacterViewModel.swift */,
			);
			path = ViewModel;
			sourceTree = "<group>";
		};
		B6C96A142749790F00FEE5E9 /* Episodes */ = {
			isa = PBXGroup;
			children = (
				B6C96A162749791B00FEE5E9 /* ViewModel */,
				B6C96A152749791600FEE5E9 /* View */,
			);
			path = Episodes;
			sourceTree = "<group>";
		};
		B6C96A152749791600FEE5E9 /* View */ = {
			isa = PBXGroup;
			children = (
			);
			path = View;
			sourceTree = "<group>";
		};
		B6C96A162749791B00FEE5E9 /* ViewModel */ = {
			isa = PBXGroup;
			children = (
			);
			path = ViewModel;
			sourceTree = "<group>";
		};
/* End PBXGroup section */

/* Begin PBXNativeTarget section */
		B6852D412749767B00BC9C36 /* BreakingBadSwiftUICombine */ = {
			isa = PBXNativeTarget;
			buildConfigurationList = B6852D512749767C00BC9C36 /* Build configuration list for PBXNativeTarget "BreakingBadSwiftUICombine" */;
			buildPhases = (
				B6852D3E2749767B00BC9C36 /* Sources */,
				B6852D3F2749767B00BC9C36 /* Frameworks */,
				B6852D402749767B00BC9C36 /* Resources */,
			);
			buildRules = (
			);
			dependencies = (
			);
			name = BreakingBadSwiftUICombine;
			productName = BreakingBadSwiftUICombine;
			productReference = B6852D422749767B00BC9C36 /* BreakingBadSwiftUICombine.app */;
			productType = "com.apple.product-type.application";
		};
/* End PBXNativeTarget section */

/* Begin PBXProject section */
		B6852D3A2749767B00BC9C36 /* Project object */ = {
			isa = PBXProject;
			attributes = {
				LastSwiftUpdateCheck = 1250;
				LastUpgradeCheck = 1250;
				TargetAttributes = {
					B6852D412749767B00BC9C36 = {
						CreatedOnToolsVersion = 12.5.1;
					};
				};
			};
			buildConfigurationList = B6852D3D2749767B00BC9C36 /* Build configuration list for PBXProject "BreakingBadSwiftUICombine" */;
			compatibilityVersion = "Xcode 9.3";
			developmentRegion = en;
			hasScannedForEncodings = 0;
			knownRegions = (
				en,
				Base,
			);
			mainGroup = B6852D392749767B00BC9C36;
			productRefGroup = B6852D432749767B00BC9C36 /* Products */;
			projectDirPath = "";
			projectRoot = "";
			targets = (
				B6852D412749767B00BC9C36 /* BreakingBadSwiftUICombine */,
			);
		};
/* End PBXProject section */

/* Begin PBXResourcesBuildPhase section */
		B6852D402749767B00BC9C36 /* Resources */ = {
			isa = PBXResourcesBuildPhase;
			buildActionMask = 2147483647;
			files = (
				B6852D4D2749767C00BC9C36 /* Preview Assets.xcassets in Resources */,
				B6852D4A2749767C00BC9C36 /* Assets.xcassets in Resources */,
			);
			runOnlyForDeploymentPostprocessing = 0;
		};
/* End PBXResourcesBuildPhase section */

/* Begin PBXSourcesBuildPhase section */
		B6852D3E2749767B00BC9C36 /* Sources */ = {
			isa = PBXSourcesBuildPhase;
			buildActionMask = 2147483647;
			files = (
				B6C96A0C274977F800FEE5E9 /* APIService.swift in Sources */,
				B6852D462749767B00BC9C36 /* BreakingBadSwiftUICombineApp.swift in Sources */,
				B6C96A102749785900FEE5E9 /* Episode.swift in Sources */,
				B6C96A182749793B00FEE5E9 /* MainTab.swift in Sources */,
				B6C96A1A27497A0000FEE5E9 /* CharacterViewModel.swift in Sources */,
				B6C96A0E2749783A00FEE5E9 /* Character.swift in Sources */,
				B6C96A1C27497BE000FEE5E9 /* CharctersListView.swift in Sources */,
			);
			runOnlyForDeploymentPostprocessing = 0;
		};
/* End PBXSourcesBuildPhase section */

/* Begin XCBuildConfiguration section */
		B6852D4F2749767C00BC9C36 /* Debug */ = {
			isa = XCBuildConfiguration;
			buildSettings = {
				ALWAYS_SEARCH_USER_PATHS = NO;
				CLANG_ANALYZER_NONNULL = YES;
				CLANG_ANALYZER_NUMBER_OBJECT_CONVERSION = YES_AGGRESSIVE;
				CLANG_CXX_LANGUAGE_STANDARD = "gnu++14";
				CLANG_CXX_LIBRARY = "libc++";
				CLANG_ENABLE_MODULES = YES;
				CLANG_ENABLE_OBJC_ARC = YES;
				CLANG_ENABLE_OBJC_WEAK = YES;
				CLANG_WARN_BLOCK_CAPTURE_AUTORELEASING = YES;
				CLANG_WARN_BOOL_CONVERSION = YES;
				CLANG_WARN_COMMA = YES;
				CLANG_WARN_CONSTANT_CONVERSION = YES;
				CLANG_WARN_DEPRECATED_OBJC_IMPLEMENTATIONS = YES;
				CLANG_WARN_DIRECT_OBJC_ISA_USAGE = YES_ERROR;
				CLANG_WARN_DOCUMENTATION_COMMENTS = YES;
				CLANG_WARN_EMPTY_BODY = YES;
				CLANG_WARN_ENUM_CONVERSION = YES;
				CLANG_WARN_INFINITE_RECURSION = YES;
				CLANG_WARN_INT_CONVERSION = YES;
				CLANG_WARN_NON_LITERAL_NULL_CONVERSION = YES;
				CLANG_WARN_OBJC_IMPLICIT_RETAIN_SELF = YES;
				CLANG_WARN_OBJC_LITERAL_CONVERSION = YES;
				CLANG_WARN_OBJC_ROOT_CLASS = YES_ERROR;
				CLANG_WARN_QUOTED_INCLUDE_IN_FRAMEWORK_HEADER = YES;
				CLANG_WARN_RANGE_LOOP_ANALYSIS = YES;
				CLANG_WARN_STRICT_PROTOTYPES = YES;
				CLANG_WARN_SUSPICIOUS_MOVE = YES;
				CLANG_WARN_UNGUARDED_AVAILABILITY = YES_AGGRESSIVE;
				CLANG_WARN_UNREACHABLE_CODE = YES;
				CLANG_WARN__DUPLICATE_METHOD_MATCH = YES;
				COPY_PHASE_STRIP = NO;
				DEBUG_INFORMATION_FORMAT = dwarf;
				ENABLE_STRICT_OBJC_MSGSEND = YES;
				ENABLE_TESTABILITY = YES;
				GCC_C_LANGUAGE_STANDARD = gnu11;
				GCC_DYNAMIC_NO_PIC = NO;
				GCC_NO_COMMON_BLOCKS = YES;
				GCC_OPTIMIZATION_LEVEL = 0;
				GCC_PREPROCESSOR_DEFINITIONS = (
					"DEBUG=1",
					"$(inherited)",
				);
				GCC_WARN_64_TO_32_BIT_CONVERSION = YES;
				GCC_WARN_ABOUT_RETURN_TYPE = YES_ERROR;
				GCC_WARN_UNDECLARED_SELECTOR = YES;
				GCC_WARN_UNINITIALIZED_AUTOS = YES_AGGRESSIVE;
				GCC_WARN_UNUSED_FUNCTION = YES;
				GCC_WARN_UNUSED_VARIABLE = YES;
				IPHONEOS_DEPLOYMENT_TARGET = 14.5;
				MTL_ENABLE_DEBUG_INFO = INCLUDE_SOURCE;
				MTL_FAST_MATH = YES;
				ONLY_ACTIVE_ARCH = YES;
				SDKROOT = iphoneos;
				SWIFT_ACTIVE_COMPILATION_CONDITIONS = DEBUG;
				SWIFT_OPTIMIZATION_LEVEL = "-Onone";
			};
			name = Debug;
		};
		B6852D502749767C00BC9C36 /* Release */ = {
			isa = XCBuildConfiguration;
			buildSettings = {
				ALWAYS_SEARCH_USER_PATHS = NO;
				CLANG_ANALYZER_NONNULL = YES;
				CLANG_ANALYZER_NUMBER_OBJECT_CONVERSION = YES_AGGRESSIVE;
				CLANG_CXX_LANGUAGE_STANDARD = "gnu++14";
				CLANG_CXX_LIBRARY = "libc++";
				CLANG_ENABLE_MODULES = YES;
				CLANG_ENABLE_OBJC_ARC = YES;
				CLANG_ENABLE_OBJC_WEAK = YES;
				CLANG_WARN_BLOCK_CAPTURE_AUTORELEASING = YES;
				CLANG_WARN_BOOL_CONVERSION = YES;
				CLANG_WARN_COMMA = YES;
				CLANG_WARN_CONSTANT_CONVERSION = YES;
				CLANG_WARN_DEPRECATED_OBJC_IMPLEMENTATIONS = YES;
				CLANG_WARN_DIRECT_OBJC_ISA_USAGE = YES_ERROR;
				CLANG_WARN_DOCUMENTATION_COMMENTS = YES;
				CLANG_WARN_EMPTY_BODY = YES;
				CLANG_WARN_ENUM_CONVERSION = YES;
				CLANG_WARN_INFINITE_RECURSION = YES;
				CLANG_WARN_INT_CONVERSION = YES;
				CLANG_WARN_NON_LITERAL_NULL_CONVERSION = YES;
				CLANG_WARN_OBJC_IMPLICIT_RETAIN_SELF = YES;
				CLANG_WARN_OBJC_LITERAL_CONVERSION = YES;
				CLANG_WARN_OBJC_ROOT_CLASS = YES_ERROR;
				CLANG_WARN_QUOTED_INCLUDE_IN_FRAMEWORK_HEADER = YES;
				CLANG_WARN_RANGE_LOOP_ANALYSIS = YES;
				CLANG_WARN_STRICT_PROTOTYPES = YES;
				CLANG_WARN_SUSPICIOUS_MOVE = YES;
				CLANG_WARN_UNGUARDED_AVAILABILITY = YES_AGGRESSIVE;
				CLANG_WARN_UNREACHABLE_CODE = YES;
				CLANG_WARN__DUPLICATE_METHOD_MATCH = YES;
				COPY_PHASE_STRIP = NO;
				DEBUG_INFORMATION_FORMAT = "dwarf-with-dsym";
				ENABLE_NS_ASSERTIONS = NO;
				ENABLE_STRICT_OBJC_MSGSEND = YES;
				GCC_C_LANGUAGE_STANDARD = gnu11;
				GCC_NO_COMMON_BLOCKS = YES;
				GCC_WARN_64_TO_32_BIT_CONVERSION = YES;
				GCC_WARN_ABOUT_RETURN_TYPE = YES_ERROR;
				GCC_WARN_UNDECLARED_SELECTOR = YES;
				GCC_WARN_UNINITIALIZED_AUTOS = YES_AGGRESSIVE;
				GCC_WARN_UNUSED_FUNCTION = YES;
				GCC_WARN_UNUSED_VARIABLE = YES;
				IPHONEOS_DEPLOYMENT_TARGET = 14.5;
				MTL_ENABLE_DEBUG_INFO = NO;
				MTL_FAST_MATH = YES;
				SDKROOT = iphoneos;
				SWIFT_COMPILATION_MODE = wholemodule;
				SWIFT_OPTIMIZATION_LEVEL = "-O";
				VALIDATE_PRODUCT = YES;
			};
			name = Release;
		};
		B6852D522749767C00BC9C36 /* Debug */ = {
			isa = XCBuildConfiguration;
			buildSettings = {
				ASSETCATALOG_COMPILER_APPICON_NAME = AppIcon;
				ASSETCATALOG_COMPILER_GLOBAL_ACCENT_COLOR_NAME = AccentColor;
				CODE_SIGN_STYLE = Automatic;
				DEVELOPMENT_ASSET_PATHS = "\"BreakingBadSwiftUICombine/Preview Content\"";
				DEVELOPMENT_TEAM = 4KZXD5977U;
				ENABLE_PREVIEWS = YES;
				INFOPLIST_FILE = BreakingBadSwiftUICombine/Info.plist;
				IPHONEOS_DEPLOYMENT_TARGET = 14.0;
				LD_RUNPATH_SEARCH_PATHS = (
					"$(inherited)",
					"@executable_path/Frameworks",
				);
				PRODUCT_BUNDLE_IDENTIFIER = "Pavel-Chernyaev.BreakingBadSwiftUICombine";
				PRODUCT_NAME = "$(TARGET_NAME)";
				SWIFT_VERSION = 5.0;
				TARGETED_DEVICE_FAMILY = "1,2";
			};
			name = Debug;
		};
		B6852D532749767C00BC9C36 /* Release */ = {
			isa = XCBuildConfiguration;
			buildSettings = {
				ASSETCATALOG_COMPILER_APPICON_NAME = AppIcon;
				ASSETCATALOG_COMPILER_GLOBAL_ACCENT_COLOR_NAME = AccentColor;
				CODE_SIGN_STYLE = Automatic;
				DEVELOPMENT_ASSET_PATHS = "\"BreakingBadSwiftUICombine/Preview Content\"";
				DEVELOPMENT_TEAM = 4KZXD5977U;
				ENABLE_PREVIEWS = YES;
				INFOPLIST_FILE = BreakingBadSwiftUICombine/Info.plist;
				IPHONEOS_DEPLOYMENT_TARGET = 14.0;
				LD_RUNPATH_SEARCH_PATHS = (
					"$(inherited)",
					"@executable_path/Frameworks",
				);
				PRODUCT_BUNDLE_IDENTIFIER = "Pavel-Chernyaev.BreakingBadSwiftUICombine";
				PRODUCT_NAME = "$(TARGET_NAME)";
				SWIFT_VERSION = 5.0;
				TARGETED_DEVICE_FAMILY = "1,2";
			};
			name = Release;
		};
/* End XCBuildConfiguration section */

/* Begin XCConfigurationList section */
		B6852D3D2749767B00BC9C36 /* Build configuration list for PBXProject "BreakingBadSwiftUICombine" */ = {
			isa = XCConfigurationList;
			buildConfigurations = (
				B6852D4F2749767C00BC9C36 /* Debug */,
				B6852D502749767C00BC9C36 /* Release */,
			);
			defaultConfigurationIsVisible = 0;
			defaultConfigurationName = Release;
		};
		B6852D512749767C00BC9C36 /* Build configuration list for PBXNativeTarget "BreakingBadSwiftUICombine" */ = {
			isa = XCConfigurationList;
			buildConfigurations = (
				B6852D522749767C00BC9C36 /* Debug */,
				B6852D532749767C00BC9C36 /* Release */,
			);
			defaultConfigurationIsVisible = 0;
			defaultConfigurationName = Release;
		};
/* End XCConfigurationList section */
	};
	rootObject = B6852D3A2749767B00BC9C36 /* Project object */;
}
